
Microsoft Visual Studio Solution File, Format Version 12.00
# Visual Studio Version 16
VisualStudioVersion = 16.0.31321.278
MinimumVisualStudioVersion = 10.0.40219.1
Project("{FAE04EC0-301F-11D3-BF4B-00C04F79EFBC}") = "gcd", "gcd\gcd.csproj", "{E186E2FA-1B19-43D4-BE51-3EA9F6DC2E60}"
EndProject
Global
	GlobalSection(SolutionConfigurationPlatforms) = preSolution
		Debug|Any CPU = Debug|Any CPU
		Release|Any CPU = Release|Any CPU
	EndGlobalSection
	GlobalSection(ProjectConfigurationPlatforms) = postSolution
		{E186E2FA-1B19-43D4-BE51-3EA9F6DC2E60}.Debug|Any CPU.ActiveCfg = Debug|Any CPU
		{E186E2FA-1B19-43D4-BE51-3EA9F6DC2E60}.Debug|Any CPU.Build.0 = Debug|Any CPU
		{E186E2FA-1B19-43D4-BE51-3EA9F6DC2E60}.Release|Any CPU.ActiveCfg = Release|Any CPU
		{E186E2FA-1B19-43D4-BE51-3EA9F6DC2E60}.Release|Any CPU.Build.0 = Release|Any CPU
	EndGlobalSection
	GlobalSection(SolutionProperties) = preSolution
		HideSolutionNode = FALSE
	EndGlobalSection
	GlobalSection(ExtensibilityGlobals) = postSolution
		SolutionGuid = {F401CE10-A4C8-4183-B6B6-9A3E1272FBF8}
	EndGlobalSection
EndGlobal
