
Microsoft Visual Studio Solution File, Format Version 12.00
# Visual Studio Version 16
VisualStudioVersion = 16.0.31321.278
MinimumVisualStudioVersion = 10.0.40219.1
Project("{9A19103F-16F7-4668-BE54-9A1E7A4F7556}") = "SumOfnatural", "factors\SumOfnatural.csproj", "{4CEDE705-B1B1-40CD-A9C5-95F324826FF8}"
EndProject
Global
	GlobalSection(SolutionConfigurationPlatforms) = preSolution
		Debug|Any CPU = Debug|Any CPU
		Release|Any CPU = Release|Any CPU
	EndGlobalSection
	GlobalSection(ProjectConfigurationPlatforms) = postSolution
		{4CEDE705-B1B1-40CD-A9C5-95F324826FF8}.Debug|Any CPU.ActiveCfg = Debug|Any CPU
		{4CEDE705-B1B1-40CD-A9C5-95F324826FF8}.Debug|Any CPU.Build.0 = Debug|Any CPU
		{4CEDE705-B1B1-40CD-A9C5-95F324826FF8}.Release|Any CPU.ActiveCfg = Release|Any CPU
		{4CEDE705-B1B1-40CD-A9C5-95F324826FF8}.Release|Any CPU.Build.0 = Release|Any CPU
	EndGlobalSection
	GlobalSection(SolutionProperties) = preSolution
		HideSolutionNode = FALSE
	EndGlobalSection
	GlobalSection(ExtensibilityGlobals) = postSolution
		SolutionGuid = {DE3A8991-5B32-432E-8CF1-4DE12B33A7D8}
	EndGlobalSection
EndGlobal
